
Microsoft Visual Studio Solution File, Format Version 12.00
# Visual Studio Version 17
VisualStudioVersion = 17.2.32630.192
MinimumVisualStudioVersion = 10.0.40219.1
Project("{9A19103F-16F7-4668-BE54-9A1E7A4F7556}") = "OpenCredentialPublisher.Wallet", "OpenCredentialPublisher.Wallet\src\OpenCredentialPublisher.Wallet.csproj", "{4FE52BB4-E7BB-45DC-8602-37DE09E40690}"
EndProject
Project("{9A19103F-16F7-4668-BE54-9A1E7A4F7556}") = "OpenCredentialPublisher.ClrLibrary", "OpenCredentialPublisher.ClrLibrary\src\OpenCredentialPublisher.ClrLibrary.csproj", "{0CDBEC10-FB3D-44DD-A1DF-BBD1C6F68A13}"
EndProject
Project("{2150E333-8FDC-42A3-9474-1A3956D46DE8}") = "_Solution", "_Solution", "{29F0D3E1-FD27-4E48-B28F-2316A10FEE99}"
	ProjectSection(SolutionItems) = preProject
		Directory.Build.props = Directory.Build.props
	EndProjectSection
EndProject
Project("{9A19103F-16F7-4668-BE54-9A1E7A4F7556}") = "OpenCredentialPublisher.Tests", "OpenCredentialPublisher.Tests\OpenCredentialPublisher.Tests.csproj", "{6AEB434A-3F9B-4FEB-9EAF-0D297296D6B3}"
EndProject
Project("{9A19103F-16F7-4668-BE54-9A1E7A4F7556}") = "OpenCredentialPublisher.DependencyInjection", "OpenCredentialPublisher.DependencyInjection\OpenCredentialPublisher.DependencyInjection.csproj", "{D92AACE4-89CB-4B4E-A98E-E2552F51749D}"
EndProject
Project("{9A19103F-16F7-4668-BE54-9A1E7A4F7556}") = "OpenCredentialPublisher.Data", "OpenCredentialPublisher.Data\OpenCredentialPublisher.Data.csproj", "{87C82621-FB08-4C3E-85FF-78DA3E920121}"
EndProject
Project("{9A19103F-16F7-4668-BE54-9A1E7A4F7556}") = "OpenCredentialPublisher.Services", "OpenCredentialPublisher.Services\OpenCredentialPublisher.Services.csproj", "{CD2C761D-A730-4E65-A885-1DAC33C06C85}"
EndProject
Project("{9A19103F-16F7-4668-BE54-9A1E7A4F7556}") = "OpenCredentialPublisher.ObcLibrary", "OpenCredentialPublisher.ObcLibrary\src\OpenCredentialPublisher.ObcLibrary.csproj", "{92B39CBC-0B5F-4D31-8CB9-A12FD6F12117}"
EndProject
Project("{9A19103F-16F7-4668-BE54-9A1E7A4F7556}") = "OpenCredentialPublisher.VerityFunctionApp", "OpenCredentialPublisher.VerityFunctionApp\OpenCredentialPublisher.VerityFunctionApp.csproj", "{64F77AE4-40EC-4295-9036-80363969B8CD}"
EndProject
Project("{9A19103F-16F7-4668-BE54-9A1E7A4F7556}") = "OpenCredentialPublisher.Shared", "OpenCredentialPublisher.Shared\OpenCredentialPublisher.Shared.csproj", "{ABC9960A-141F-4747-AE4B-21268ECF5A00}"
EndProject
Project("{9A19103F-16F7-4668-BE54-9A1E7A4F7556}") = "OpenCredentialPublisher.AzureListener", "OpenCredentialPublisher.AzureListener\OpenCredentialPublisher.AzureListener.csproj", "{8F74781F-165A-4148-9E31-346618DBFDE6}"
EndProject
Project("{9A19103F-16F7-4668-BE54-9A1E7A4F7556}") = "OpenCredentialPublisher.Cryptography", "OpenCredentialPublisher.Cryptography\OpenCredentialPublisher.Cryptography.csproj", "{343C55AB-94FE-4AEA-A4BB-D7F1F7707325}"
EndProject
Project("{2150E333-8FDC-42A3-9474-1A3956D46DE8}") = "teacherwallet-web-ui", "teacherwallet-web-ui", "{ED8DC8CD-109F-4988-A4F2-6F1C425D75AE}"
	ProjectSection(SolutionItems) = preProject
		teacherwallet-web-ui\.browserslistrc = teacherwallet-web-ui\.browserslistrc
		teacherwallet-web-ui\.editorconfig = teacherwallet-web-ui\.editorconfig
		teacherwallet-web-ui\.gitignore = teacherwallet-web-ui\.gitignore
		teacherwallet-web-ui\angular.json = teacherwallet-web-ui\angular.json
		teacherwallet-web-ui\karma.conf.js = teacherwallet-web-ui\karma.conf.js
		teacherwallet-web-ui\package-lock.json = teacherwallet-web-ui\package-lock.json
		teacherwallet-web-ui\package.json = teacherwallet-web-ui\package.json
		teacherwallet-web-ui\README.md = teacherwallet-web-ui\README.md
		teacherwallet-web-ui\tsconfig.app.json = teacherwallet-web-ui\tsconfig.app.json
		teacherwallet-web-ui\tsconfig.json = teacherwallet-web-ui\tsconfig.json
		teacherwallet-web-ui\tsconfig.spec.json = teacherwallet-web-ui\tsconfig.spec.json
		teacherwallet-web-ui\tslint.json = teacherwallet-web-ui\tslint.json
	EndProjectSection
EndProject
Project("{2150E333-8FDC-42A3-9474-1A3956D46DE8}") = "NoDeployUtilities", "NoDeployUtilities", "{7EC09861-DE8C-47BB-9290-6A886A6FFD70}"
EndProject
Project("{9A19103F-16F7-4668-BE54-9A1E7A4F7556}") = "DataUtility", "AssertionExtractor\DataUtility.csproj", "{C7205212-D48D-43A2-B9AE-48B4115B4084}"
EndProject
Project("{9A19103F-16F7-4668-BE54-9A1E7A4F7556}") = "Infotekka.ND.IdRampAPI", "Infotekka.ND.IdRampAPI\Infotekka.ND.IdRampAPI.csproj", "{213D9CF7-E67A-4361-8145-68CE489C7524}"
EndProject
Project("{9A19103F-16F7-4668-BE54-9A1E7A4F7556}") = "OpenCredentialPublisher.Credentials", "OpenCredentialPublisher.Credentials\OpenCredentialPublisher.Credentials.csproj", "{84076C11-5FF6-47D6-A197-045DE622D782}"
EndProject
Project("{9A19103F-16F7-4668-BE54-9A1E7A4F7556}") = "OpenCredentialPublisher.Credentials.Transformations", "OpenCredentialPublisher.Credentials.Transformations\OpenCredentialPublisher.Credentials.Transformations.csproj", "{FEC918D2-93A9-489B-87BB-B2DDD24849D4}"
EndProject
Global
	GlobalSection(SolutionConfigurationPlatforms) = preSolution
		AzureDev|Any CPU = AzureDev|Any CPU
		Debug|Any CPU = Debug|Any CPU
		Dev|Any CPU = Dev|Any CPU
		IIS|Any CPU = IIS|Any CPU
		Qa|Any CPU = Qa|Any CPU
		Release|Any CPU = Release|Any CPU
	EndGlobalSection
	GlobalSection(ProjectConfigurationPlatforms) = postSolution
		{4FE52BB4-E7BB-45DC-8602-37DE09E40690}.AzureDev|Any CPU.ActiveCfg = AzureDev|Any CPU
		{4FE52BB4-E7BB-45DC-8602-37DE09E40690}.AzureDev|Any CPU.Build.0 = AzureDev|Any CPU
		{4FE52BB4-E7BB-45DC-8602-37DE09E40690}.Debug|Any CPU.ActiveCfg = Debug|Any CPU
		{4FE52BB4-E7BB-45DC-8602-37DE09E40690}.Debug|Any CPU.Build.0 = Debug|Any CPU
		{4FE52BB4-E7BB-45DC-8602-37DE09E40690}.Dev|Any CPU.ActiveCfg = Dev|Any CPU
		{4FE52BB4-E7BB-45DC-8602-37DE09E40690}.Dev|Any CPU.Build.0 = Dev|Any CPU
		{4FE52BB4-E7BB-45DC-8602-37DE09E40690}.IIS|Any CPU.ActiveCfg = IIS|Any CPU
		{4FE52BB4-E7BB-45DC-8602-37DE09E40690}.IIS|Any CPU.Build.0 = IIS|Any CPU
		{4FE52BB4-E7BB-45DC-8602-37DE09E40690}.Qa|Any CPU.ActiveCfg = Release|Any CPU
		{4FE52BB4-E7BB-45DC-8602-37DE09E40690}.Qa|Any CPU.Build.0 = Release|Any CPU
		{4FE52BB4-E7BB-45DC-8602-37DE09E40690}.Release|Any CPU.ActiveCfg = Release|Any CPU
		{4FE52BB4-E7BB-45DC-8602-37DE09E40690}.Release|Any CPU.Build.0 = Release|Any CPU
		{0CDBEC10-FB3D-44DD-A1DF-BBD1C6F68A13}.AzureDev|Any CPU.ActiveCfg = AzureDev|Any CPU
		{0CDBEC10-FB3D-44DD-A1DF-BBD1C6F68A13}.AzureDev|Any CPU.Build.0 = AzureDev|Any CPU
		{0CDBEC10-FB3D-44DD-A1DF-BBD1C6F68A13}.Debug|Any CPU.ActiveCfg = Debug|Any CPU
		{0CDBEC10-FB3D-44DD-A1DF-BBD1C6F68A13}.Debug|Any CPU.Build.0 = Debug|Any CPU
		{0CDBEC10-FB3D-44DD-A1DF-BBD1C6F68A13}.Dev|Any CPU.ActiveCfg = Dev|Any CPU
		{0CDBEC10-FB3D-44DD-A1DF-BBD1C6F68A13}.Dev|Any CPU.Build.0 = Dev|Any CPU
		{0CDBEC10-FB3D-44DD-A1DF-BBD1C6F68A13}.IIS|Any CPU.ActiveCfg = IIS|Any CPU
		{0CDBEC10-FB3D-44DD-A1DF-BBD1C6F68A13}.IIS|Any CPU.Build.0 = IIS|Any CPU
		{0CDBEC10-FB3D-44DD-A1DF-BBD1C6F68A13}.Qa|Any CPU.ActiveCfg = Release|Any CPU
		{0CDBEC10-FB3D-44DD-A1DF-BBD1C6F68A13}.Qa|Any CPU.Build.0 = Release|Any CPU
		{0CDBEC10-FB3D-44DD-A1DF-BBD1C6F68A13}.Release|Any CPU.ActiveCfg = Release|Any CPU
		{0CDBEC10-FB3D-44DD-A1DF-BBD1C6F68A13}.Release|Any CPU.Build.0 = Release|Any CPU
		{6AEB434A-3F9B-4FEB-9EAF-0D297296D6B3}.AzureDev|Any CPU.ActiveCfg = AzureDev|Any CPU
		{6AEB434A-3F9B-4FEB-9EAF-0D297296D6B3}.AzureDev|Any CPU.Build.0 = AzureDev|Any CPU
		{6AEB434A-3F9B-4FEB-9EAF-0D297296D6B3}.Debug|Any CPU.ActiveCfg = Debug|Any CPU
		{6AEB434A-3F9B-4FEB-9EAF-0D297296D6B3}.Debug|Any CPU.Build.0 = Debug|Any CPU
		{6AEB434A-3F9B-4FEB-9EAF-0D297296D6B3}.Dev|Any CPU.ActiveCfg = Dev|Any CPU
		{6AEB434A-3F9B-4FEB-9EAF-0D297296D6B3}.Dev|Any CPU.Build.0 = Dev|Any CPU
		{6AEB434A-3F9B-4FEB-9EAF-0D297296D6B3}.IIS|Any CPU.ActiveCfg = IIS|Any CPU
		{6AEB434A-3F9B-4FEB-9EAF-0D297296D6B3}.IIS|Any CPU.Build.0 = IIS|Any CPU
		{6AEB434A-3F9B-4FEB-9EAF-0D297296D6B3}.Qa|Any CPU.ActiveCfg = Qa|Any CPU
		{6AEB434A-3F9B-4FEB-9EAF-0D297296D6B3}.Qa|Any CPU.Build.0 = Qa|Any CPU
		{6AEB434A-3F9B-4FEB-9EAF-0D297296D6B3}.Release|Any CPU.ActiveCfg = Release|Any CPU
		{6AEB434A-3F9B-4FEB-9EAF-0D297296D6B3}.Release|Any CPU.Build.0 = Release|Any CPU
		{D92AACE4-89CB-4B4E-A98E-E2552F51749D}.AzureDev|Any CPU.ActiveCfg = AzureDev|Any CPU
		{D92AACE4-89CB-4B4E-A98E-E2552F51749D}.AzureDev|Any CPU.Build.0 = AzureDev|Any CPU
		{D92AACE4-89CB-4B4E-A98E-E2552F51749D}.Debug|Any CPU.ActiveCfg = Debug|Any CPU
		{D92AACE4-89CB-4B4E-A98E-E2552F51749D}.Debug|Any CPU.Build.0 = Debug|Any CPU
		{D92AACE4-89CB-4B4E-A98E-E2552F51749D}.Dev|Any CPU.ActiveCfg = Dev|Any CPU
		{D92AACE4-89CB-4B4E-A98E-E2552F51749D}.Dev|Any CPU.Build.0 = Dev|Any CPU
		{D92AACE4-89CB-4B4E-A98E-E2552F51749D}.IIS|Any CPU.ActiveCfg = IIS|Any CPU
		{D92AACE4-89CB-4B4E-A98E-E2552F51749D}.IIS|Any CPU.Build.0 = IIS|Any CPU
		{D92AACE4-89CB-4B4E-A98E-E2552F51749D}.Qa|Any CPU.ActiveCfg = Qa|Any CPU
		{D92AACE4-89CB-4B4E-A98E-E2552F51749D}.Qa|Any CPU.Build.0 = Qa|Any CPU
		{D92AACE4-89CB-4B4E-A98E-E2552F51749D}.Release|Any CPU.ActiveCfg = Release|Any CPU
		{D92AACE4-89CB-4B4E-A98E-E2552F51749D}.Release|Any CPU.Build.0 = Release|Any CPU
		{87C82621-FB08-4C3E-85FF-78DA3E920121}.AzureDev|Any CPU.ActiveCfg = AzureDev|Any CPU
		{87C82621-FB08-4C3E-85FF-78DA3E920121}.AzureDev|Any CPU.Build.0 = AzureDev|Any CPU
		{87C82621-FB08-4C3E-85FF-78DA3E920121}.Debug|Any CPU.ActiveCfg = Debug|Any CPU
		{87C82621-FB08-4C3E-85FF-78DA3E920121}.Debug|Any CPU.Build.0 = Debug|Any CPU
		{87C82621-FB08-4C3E-85FF-78DA3E920121}.Dev|Any CPU.ActiveCfg = Dev|Any CPU
		{87C82621-FB08-4C3E-85FF-78DA3E920121}.Dev|Any CPU.Build.0 = Dev|Any CPU
		{87C82621-FB08-4C3E-85FF-78DA3E920121}.IIS|Any CPU.ActiveCfg = IIS|Any CPU
		{87C82621-FB08-4C3E-85FF-78DA3E920121}.IIS|Any CPU.Build.0 = IIS|Any CPU
		{87C82621-FB08-4C3E-85FF-78DA3E920121}.Qa|Any CPU.ActiveCfg = Qa|Any CPU
		{87C82621-FB08-4C3E-85FF-78DA3E920121}.Qa|Any CPU.Build.0 = Qa|Any CPU
		{87C82621-FB08-4C3E-85FF-78DA3E920121}.Release|Any CPU.ActiveCfg = Release|Any CPU
		{87C82621-FB08-4C3E-85FF-78DA3E920121}.Release|Any CPU.Build.0 = Release|Any CPU
		{CD2C761D-A730-4E65-A885-1DAC33C06C85}.AzureDev|Any CPU.ActiveCfg = AzureDev|Any CPU
		{CD2C761D-A730-4E65-A885-1DAC33C06C85}.AzureDev|Any CPU.Build.0 = AzureDev|Any CPU
		{CD2C761D-A730-4E65-A885-1DAC33C06C85}.Debug|Any CPU.ActiveCfg = Debug|Any CPU
		{CD2C761D-A730-4E65-A885-1DAC33C06C85}.Debug|Any CPU.Build.0 = Debug|Any CPU
		{CD2C761D-A730-4E65-A885-1DAC33C06C85}.Dev|Any CPU.ActiveCfg = Dev|Any CPU
		{CD2C761D-A730-4E65-A885-1DAC33C06C85}.Dev|Any CPU.Build.0 = Dev|Any CPU
		{CD2C761D-A730-4E65-A885-1DAC33C06C85}.IIS|Any CPU.ActiveCfg = IIS|Any CPU
		{CD2C761D-A730-4E65-A885-1DAC33C06C85}.IIS|Any CPU.Build.0 = IIS|Any CPU
		{CD2C761D-A730-4E65-A885-1DAC33C06C85}.Qa|Any CPU.ActiveCfg = Qa|Any CPU
		{CD2C761D-A730-4E65-A885-1DAC33C06C85}.Qa|Any CPU.Build.0 = Qa|Any CPU
		{CD2C761D-A730-4E65-A885-1DAC33C06C85}.Release|Any CPU.ActiveCfg = Release|Any CPU
		{CD2C761D-A730-4E65-A885-1DAC33C06C85}.Release|Any CPU.Build.0 = Release|Any CPU
		{92B39CBC-0B5F-4D31-8CB9-A12FD6F12117}.AzureDev|Any CPU.ActiveCfg = AzureDev|Any CPU
		{92B39CBC-0B5F-4D31-8CB9-A12FD6F12117}.AzureDev|Any CPU.Build.0 = AzureDev|Any CPU
		{92B39CBC-0B5F-4D31-8CB9-A12FD6F12117}.Debug|Any CPU.ActiveCfg = Debug|Any CPU
		{92B39CBC-0B5F-4D31-8CB9-A12FD6F12117}.Debug|Any CPU.Build.0 = Debug|Any CPU
		{92B39CBC-0B5F-4D31-8CB9-A12FD6F12117}.Dev|Any CPU.ActiveCfg = Dev|Any CPU
		{92B39CBC-0B5F-4D31-8CB9-A12FD6F12117}.Dev|Any CPU.Build.0 = Dev|Any CPU
		{92B39CBC-0B5F-4D31-8CB9-A12FD6F12117}.IIS|Any CPU.ActiveCfg = IIS|Any CPU
		{92B39CBC-0B5F-4D31-8CB9-A12FD6F12117}.IIS|Any CPU.Build.0 = IIS|Any CPU
		{92B39CBC-0B5F-4D31-8CB9-A12FD6F12117}.Qa|Any CPU.ActiveCfg = Qa|Any CPU
		{92B39CBC-0B5F-4D31-8CB9-A12FD6F12117}.Qa|Any CPU.Build.0 = Qa|Any CPU
		{92B39CBC-0B5F-4D31-8CB9-A12FD6F12117}.Release|Any CPU.ActiveCfg = Release|Any CPU
		{92B39CBC-0B5F-4D31-8CB9-A12FD6F12117}.Release|Any CPU.Build.0 = Release|Any CPU
		{64F77AE4-40EC-4295-9036-80363969B8CD}.AzureDev|Any CPU.ActiveCfg = AzureDev|Any CPU
		{64F77AE4-40EC-4295-9036-80363969B8CD}.AzureDev|Any CPU.Build.0 = AzureDev|Any CPU
		{64F77AE4-40EC-4295-9036-80363969B8CD}.Debug|Any CPU.ActiveCfg = Debug|Any CPU
		{64F77AE4-40EC-4295-9036-80363969B8CD}.Debug|Any CPU.Build.0 = Debug|Any CPU
		{64F77AE4-40EC-4295-9036-80363969B8CD}.Dev|Any CPU.ActiveCfg = Dev|Any CPU
		{64F77AE4-40EC-4295-9036-80363969B8CD}.Dev|Any CPU.Build.0 = Dev|Any CPU
		{64F77AE4-40EC-4295-9036-80363969B8CD}.IIS|Any CPU.ActiveCfg = IIS|Any CPU
		{64F77AE4-40EC-4295-9036-80363969B8CD}.IIS|Any CPU.Build.0 = IIS|Any CPU
		{64F77AE4-40EC-4295-9036-80363969B8CD}.Qa|Any CPU.ActiveCfg = Qa|Any CPU
		{64F77AE4-40EC-4295-9036-80363969B8CD}.Qa|Any CPU.Build.0 = Qa|Any CPU
		{64F77AE4-40EC-4295-9036-80363969B8CD}.Release|Any CPU.ActiveCfg = Release|Any CPU
		{64F77AE4-40EC-4295-9036-80363969B8CD}.Release|Any CPU.Build.0 = Release|Any CPU
		{ABC9960A-141F-4747-AE4B-21268ECF5A00}.AzureDev|Any CPU.ActiveCfg = AzureDev|Any CPU
		{ABC9960A-141F-4747-AE4B-21268ECF5A00}.AzureDev|Any CPU.Build.0 = AzureDev|Any CPU
		{ABC9960A-141F-4747-AE4B-21268ECF5A00}.Debug|Any CPU.ActiveCfg = Debug|Any CPU
		{ABC9960A-141F-4747-AE4B-21268ECF5A00}.Debug|Any CPU.Build.0 = Debug|Any CPU
		{ABC9960A-141F-4747-AE4B-21268ECF5A00}.Dev|Any CPU.ActiveCfg = Dev|Any CPU
		{ABC9960A-141F-4747-AE4B-21268ECF5A00}.Dev|Any CPU.Build.0 = Dev|Any CPU
		{ABC9960A-141F-4747-AE4B-21268ECF5A00}.IIS|Any CPU.ActiveCfg = IIS|Any CPU
		{ABC9960A-141F-4747-AE4B-21268ECF5A00}.IIS|Any CPU.Build.0 = IIS|Any CPU
		{ABC9960A-141F-4747-AE4B-21268ECF5A00}.Qa|Any CPU.ActiveCfg = Qa|Any CPU
		{ABC9960A-141F-4747-AE4B-21268ECF5A00}.Qa|Any CPU.Build.0 = Qa|Any CPU
		{ABC9960A-141F-4747-AE4B-21268ECF5A00}.Release|Any CPU.ActiveCfg = Release|Any CPU
		{ABC9960A-141F-4747-AE4B-21268ECF5A00}.Release|Any CPU.Build.0 = Release|Any CPU
		{8F74781F-165A-4148-9E31-346618DBFDE6}.AzureDev|Any CPU.ActiveCfg = AzureDev|Any CPU
		{8F74781F-165A-4148-9E31-346618DBFDE6}.AzureDev|Any CPU.Build.0 = AzureDev|Any CPU
		{8F74781F-165A-4148-9E31-346618DBFDE6}.Debug|Any CPU.ActiveCfg = Debug|Any CPU
		{8F74781F-165A-4148-9E31-346618DBFDE6}.Debug|Any CPU.Build.0 = Debug|Any CPU
		{8F74781F-165A-4148-9E31-346618DBFDE6}.Dev|Any CPU.ActiveCfg = Dev|Any CPU
		{8F74781F-165A-4148-9E31-346618DBFDE6}.Dev|Any CPU.Build.0 = Dev|Any CPU
		{8F74781F-165A-4148-9E31-346618DBFDE6}.IIS|Any CPU.ActiveCfg = IIS|Any CPU
		{8F74781F-165A-4148-9E31-346618DBFDE6}.IIS|Any CPU.Build.0 = IIS|Any CPU
		{8F74781F-165A-4148-9E31-346618DBFDE6}.Qa|Any CPU.ActiveCfg = Qa|Any CPU
		{8F74781F-165A-4148-9E31-346618DBFDE6}.Qa|Any CPU.Build.0 = Qa|Any CPU
		{8F74781F-165A-4148-9E31-346618DBFDE6}.Release|Any CPU.ActiveCfg = Release|Any CPU
		{8F74781F-165A-4148-9E31-346618DBFDE6}.Release|Any CPU.Build.0 = Release|Any CPU
		{343C55AB-94FE-4AEA-A4BB-D7F1F7707325}.AzureDev|Any CPU.ActiveCfg = AzureDev|Any CPU
		{343C55AB-94FE-4AEA-A4BB-D7F1F7707325}.AzureDev|Any CPU.Build.0 = AzureDev|Any CPU
		{343C55AB-94FE-4AEA-A4BB-D7F1F7707325}.Debug|Any CPU.ActiveCfg = Debug|Any CPU
		{343C55AB-94FE-4AEA-A4BB-D7F1F7707325}.Debug|Any CPU.Build.0 = Debug|Any CPU
		{343C55AB-94FE-4AEA-A4BB-D7F1F7707325}.Dev|Any CPU.ActiveCfg = Dev|Any CPU
		{343C55AB-94FE-4AEA-A4BB-D7F1F7707325}.Dev|Any CPU.Build.0 = Dev|Any CPU
		{343C55AB-94FE-4AEA-A4BB-D7F1F7707325}.IIS|Any CPU.ActiveCfg = IIS|Any CPU
		{343C55AB-94FE-4AEA-A4BB-D7F1F7707325}.IIS|Any CPU.Build.0 = IIS|Any CPU
		{343C55AB-94FE-4AEA-A4BB-D7F1F7707325}.Qa|Any CPU.ActiveCfg = Qa|Any CPU
		{343C55AB-94FE-4AEA-A4BB-D7F1F7707325}.Qa|Any CPU.Build.0 = Qa|Any CPU
		{343C55AB-94FE-4AEA-A4BB-D7F1F7707325}.Release|Any CPU.ActiveCfg = Release|Any CPU
		{343C55AB-94FE-4AEA-A4BB-D7F1F7707325}.Release|Any CPU.Build.0 = Release|Any CPU
		{C7205212-D48D-43A2-B9AE-48B4115B4084}.AzureDev|Any CPU.ActiveCfg = Dev|Any CPU
		{C7205212-D48D-43A2-B9AE-48B4115B4084}.AzureDev|Any CPU.Build.0 = Dev|Any CPU
		{C7205212-D48D-43A2-B9AE-48B4115B4084}.Debug|Any CPU.ActiveCfg = Debug|Any CPU
		{C7205212-D48D-43A2-B9AE-48B4115B4084}.Debug|Any CPU.Build.0 = Debug|Any CPU
		{C7205212-D48D-43A2-B9AE-48B4115B4084}.Dev|Any CPU.ActiveCfg = Dev|Any CPU
		{C7205212-D48D-43A2-B9AE-48B4115B4084}.Dev|Any CPU.Build.0 = Dev|Any CPU
		{C7205212-D48D-43A2-B9AE-48B4115B4084}.IIS|Any CPU.ActiveCfg = Debug|Any CPU
		{C7205212-D48D-43A2-B9AE-48B4115B4084}.IIS|Any CPU.Build.0 = Debug|Any CPU
		{C7205212-D48D-43A2-B9AE-48B4115B4084}.Qa|Any CPU.ActiveCfg = Qa|Any CPU
		{C7205212-D48D-43A2-B9AE-48B4115B4084}.Qa|Any CPU.Build.0 = Qa|Any CPU
		{C7205212-D48D-43A2-B9AE-48B4115B4084}.Release|Any CPU.ActiveCfg = Release|Any CPU
		{C7205212-D48D-43A2-B9AE-48B4115B4084}.Release|Any CPU.Build.0 = Release|Any CPU
		{213D9CF7-E67A-4361-8145-68CE489C7524}.AzureDev|Any CPU.ActiveCfg = Debug|Any CPU
		{213D9CF7-E67A-4361-8145-68CE489C7524}.AzureDev|Any CPU.Build.0 = Debug|Any CPU
		{213D9CF7-E67A-4361-8145-68CE489C7524}.Debug|Any CPU.ActiveCfg = Debug|Any CPU
		{213D9CF7-E67A-4361-8145-68CE489C7524}.Debug|Any CPU.Build.0 = Debug|Any CPU
		{213D9CF7-E67A-4361-8145-68CE489C7524}.Dev|Any CPU.ActiveCfg = Debug|Any CPU
		{213D9CF7-E67A-4361-8145-68CE489C7524}.Dev|Any CPU.Build.0 = Debug|Any CPU
		{213D9CF7-E67A-4361-8145-68CE489C7524}.IIS|Any CPU.ActiveCfg = Debug|Any CPU
		{213D9CF7-E67A-4361-8145-68CE489C7524}.IIS|Any CPU.Build.0 = Debug|Any CPU
		{213D9CF7-E67A-4361-8145-68CE489C7524}.Qa|Any CPU.ActiveCfg = Debug|Any CPU
		{213D9CF7-E67A-4361-8145-68CE489C7524}.Qa|Any CPU.Build.0 = Debug|Any CPU
		{213D9CF7-E67A-4361-8145-68CE489C7524}.Release|Any CPU.ActiveCfg = Release|Any CPU
		{213D9CF7-E67A-4361-8145-68CE489C7524}.Release|Any CPU.Build.0 = Release|Any CPU
		{84076C11-5FF6-47D6-A197-045DE622D782}.AzureDev|Any CPU.ActiveCfg = Dev|Any CPU
		{84076C11-5FF6-47D6-A197-045DE622D782}.AzureDev|Any CPU.Build.0 = Dev|Any CPU
		{84076C11-5FF6-47D6-A197-045DE622D782}.Debug|Any CPU.ActiveCfg = Debug|Any CPU
		{84076C11-5FF6-47D6-A197-045DE622D782}.Debug|Any CPU.Build.0 = Debug|Any CPU
		{84076C11-5FF6-47D6-A197-045DE622D782}.Dev|Any CPU.ActiveCfg = Dev|Any CPU
		{84076C11-5FF6-47D6-A197-045DE622D782}.Dev|Any CPU.Build.0 = Dev|Any CPU
		{84076C11-5FF6-47D6-A197-045DE622D782}.IIS|Any CPU.ActiveCfg = Debug|Any CPU
		{84076C11-5FF6-47D6-A197-045DE622D782}.IIS|Any CPU.Build.0 = Debug|Any CPU
		{84076C11-5FF6-47D6-A197-045DE622D782}.Qa|Any CPU.ActiveCfg = Qa|Any CPU
		{84076C11-5FF6-47D6-A197-045DE622D782}.Qa|Any CPU.Build.0 = Qa|Any CPU
		{84076C11-5FF6-47D6-A197-045DE622D782}.Release|Any CPU.ActiveCfg = Release|Any CPU
		{84076C11-5FF6-47D6-A197-045DE622D782}.Release|Any CPU.Build.0 = Release|Any CPU
		{FEC918D2-93A9-489B-87BB-B2DDD24849D4}.AzureDev|Any CPU.ActiveCfg = Dev|Any CPU
		{FEC918D2-93A9-489B-87BB-B2DDD24849D4}.AzureDev|Any CPU.Build.0 = Dev|Any CPU
		{FEC918D2-93A9-489B-87BB-B2DDD24849D4}.Debug|Any CPU.ActiveCfg = Debug|Any CPU
		{FEC918D2-93A9-489B-87BB-B2DDD24849D4}.Debug|Any CPU.Build.0 = Debug|Any CPU
		{FEC918D2-93A9-489B-87BB-B2DDD24849D4}.Dev|Any CPU.ActiveCfg = Dev|Any CPU
		{FEC918D2-93A9-489B-87BB-B2DDD24849D4}.Dev|Any CPU.Build.0 = Dev|Any CPU
		{FEC918D2-93A9-489B-87BB-B2DDD24849D4}.IIS|Any CPU.ActiveCfg = Debug|Any CPU
		{FEC918D2-93A9-489B-87BB-B2DDD24849D4}.IIS|Any CPU.Build.0 = Debug|Any CPU
		{FEC918D2-93A9-489B-87BB-B2DDD24849D4}.Qa|Any CPU.ActiveCfg = Qa|Any CPU
		{FEC918D2-93A9-489B-87BB-B2DDD24849D4}.Qa|Any CPU.Build.0 = Qa|Any CPU
		{FEC918D2-93A9-489B-87BB-B2DDD24849D4}.Release|Any CPU.ActiveCfg = Release|Any CPU
		{FEC918D2-93A9-489B-87BB-B2DDD24849D4}.Release|Any CPU.Build.0 = Release|Any CPU
	EndGlobalSection
	GlobalSection(SolutionProperties) = preSolution
		HideSolutionNode = FALSE
	EndGlobalSection
	GlobalSection(NestedProjects) = preSolution
		{C7205212-D48D-43A2-B9AE-48B4115B4084} = {7EC09861-DE8C-47BB-9290-6A886A6FFD70}
	EndGlobalSection
	GlobalSection(ExtensibilityGlobals) = postSolution
		SolutionGuid = {F944558E-C823-47EF-93C6-EB84384F93D4}
	EndGlobalSection
EndGlobal
