
Microsoft Visual Studio Solution File, Format Version 12.00
# Visual Studio Version 16
VisualStudioVersion = 16.0.29905.134
MinimumVisualStudioVersion = 10.0.40219.1
Project("{9A19103F-16F7-4668-BE54-9A1E7A4F7556}") = "OpenCredentialPublisher.Wallet", "OpenCredentialPublisher.Wallet\src\OpenCredentialPublisher.Wallet.csproj", "{4FE52BB4-E7BB-45DC-8602-37DE09E40690}"
EndProject
Project("{9A19103F-16F7-4668-BE54-9A1E7A4F7556}") = "OpenCredentialPublisher.ClrLibrary", "OpenCredentialPublisher.ClrLibrary\src\OpenCredentialPublisher.ClrLibrary.csproj", "{0CDBEC10-FB3D-44DD-A1DF-BBD1C6F68A13}"
EndProject
Project("{2150E333-8FDC-42A3-9474-1A3956D46DE8}") = "_Solution", "_Solution", "{29F0D3E1-FD27-4E48-B28F-2316A10FEE99}"
	ProjectSection(SolutionItems) = preProject
		Directory.Build.props = Directory.Build.props
	EndProjectSection
EndProject
Project("{9A19103F-16F7-4668-BE54-9A1E7A4F7556}") = "OpenCredentialPublisher.Tests", "OpenCredentialPublisher.Tests\OpenCredentialPublisher.Tests.csproj", "{6AEB434A-3F9B-4FEB-9EAF-0D297296D6B3}"
EndProject
Project("{9A19103F-16F7-4668-BE54-9A1E7A4F7556}") = "OpenCredentialPublisher.DependencyInjection", "OpenCredentialPublisher.DependencyInjection\OpenCredentialPublisher.DependencyInjection.csproj", "{D92AACE4-89CB-4B4E-A98E-E2552F51749D}"
EndProject
Project("{9A19103F-16F7-4668-BE54-9A1E7A4F7556}") = "OpenCredentialPublisher.Data", "OpenCredentialPublisher.Data\OpenCredentialPublisher.Data.csproj", "{87C82621-FB08-4C3E-85FF-78DA3E920121}"
EndProject
Project("{9A19103F-16F7-4668-BE54-9A1E7A4F7556}") = "OpenCredentialPublisher.Services", "OpenCredentialPublisher.Services\OpenCredentialPublisher.Services.csproj", "{CD2C761D-A730-4E65-A885-1DAC33C06C85}"
EndProject
Project("{9A19103F-16F7-4668-BE54-9A1E7A4F7556}") = "OpenCredentialPublisher.ObcLibrary", "OpenCredentialPublisher.ObcLibrary\src\OpenCredentialPublisher.ObcLibrary.csproj", "{92B39CBC-0B5F-4D31-8CB9-A12FD6F12117}"
EndProject
Project("{9A19103F-16F7-4668-BE54-9A1E7A4F7556}") = "OpenCredentialPublisher.VerityFunctionApp", "OpenCredentialPublisher.VerityFunctionApp\OpenCredentialPublisher.VerityFunctionApp.csproj", "{64F77AE4-40EC-4295-9036-80363969B8CD}"
EndProject
Project("{9A19103F-16F7-4668-BE54-9A1E7A4F7556}") = "OpenCredentialPublisher.Shared", "OpenCredentialPublisher.Shared\OpenCredentialPublisher.Shared.csproj", "{ABC9960A-141F-4747-AE4B-21268ECF5A00}"
EndProject
Project("{9A19103F-16F7-4668-BE54-9A1E7A4F7556}") = "OpenCredentialPublisher.AzureListener", "OpenCredentialPublisher.AzureListener\OpenCredentialPublisher.AzureListener.csproj", "{8F74781F-165A-4148-9E31-346618DBFDE6}"
EndProject
Project("{9A19103F-16F7-4668-BE54-9A1E7A4F7556}") = "OpenCredentialPublisher.Cryptography", "OpenCredentialPublisher.Cryptography\OpenCredentialPublisher.Cryptography.csproj", "{343C55AB-94FE-4AEA-A4BB-D7F1F7707325}"
EndProject
Project("{9A19103F-16F7-4668-BE54-9A1E7A4F7556}") = "OpenCredentialPublisher.VerityRestApi", "OpenCredentialPublisher.VerityRestApi\OpenCredentialPublisher.VerityRestApi.csproj", "{124C3220-A021-49D6-B405-2AA770825665}"
EndProject
Global
	GlobalSection(SolutionConfigurationPlatforms) = preSolution
		Debug|Any CPU = Debug|Any CPU
		Dev|Any CPU = Dev|Any CPU
		Qa|Any CPU = Qa|Any CPU
		Release|Any CPU = Release|Any CPU
	EndGlobalSection
	GlobalSection(ProjectConfigurationPlatforms) = postSolution
		{4FE52BB4-E7BB-45DC-8602-37DE09E40690}.Debug|Any CPU.ActiveCfg = Debug|Any CPU
		{4FE52BB4-E7BB-45DC-8602-37DE09E40690}.Debug|Any CPU.Build.0 = Debug|Any CPU
		{4FE52BB4-E7BB-45DC-8602-37DE09E40690}.Dev|Any CPU.ActiveCfg = Debug|Any CPU
		{4FE52BB4-E7BB-45DC-8602-37DE09E40690}.Dev|Any CPU.Build.0 = Debug|Any CPU
		{4FE52BB4-E7BB-45DC-8602-37DE09E40690}.Qa|Any CPU.ActiveCfg = Release|Any CPU
		{4FE52BB4-E7BB-45DC-8602-37DE09E40690}.Qa|Any CPU.Build.0 = Release|Any CPU
		{4FE52BB4-E7BB-45DC-8602-37DE09E40690}.Release|Any CPU.ActiveCfg = Release|Any CPU
		{4FE52BB4-E7BB-45DC-8602-37DE09E40690}.Release|Any CPU.Build.0 = Release|Any CPU
		{0CDBEC10-FB3D-44DD-A1DF-BBD1C6F68A13}.Debug|Any CPU.ActiveCfg = Debug|Any CPU
		{0CDBEC10-FB3D-44DD-A1DF-BBD1C6F68A13}.Debug|Any CPU.Build.0 = Debug|Any CPU
		{0CDBEC10-FB3D-44DD-A1DF-BBD1C6F68A13}.Dev|Any CPU.ActiveCfg = Debug|Any CPU
		{0CDBEC10-FB3D-44DD-A1DF-BBD1C6F68A13}.Dev|Any CPU.Build.0 = Debug|Any CPU
		{0CDBEC10-FB3D-44DD-A1DF-BBD1C6F68A13}.Qa|Any CPU.ActiveCfg = Release|Any CPU
		{0CDBEC10-FB3D-44DD-A1DF-BBD1C6F68A13}.Qa|Any CPU.Build.0 = Release|Any CPU
		{0CDBEC10-FB3D-44DD-A1DF-BBD1C6F68A13}.Release|Any CPU.ActiveCfg = Release|Any CPU
		{0CDBEC10-FB3D-44DD-A1DF-BBD1C6F68A13}.Release|Any CPU.Build.0 = Release|Any CPU
		{6AEB434A-3F9B-4FEB-9EAF-0D297296D6B3}.Debug|Any CPU.ActiveCfg = Debug|Any CPU
		{6AEB434A-3F9B-4FEB-9EAF-0D297296D6B3}.Debug|Any CPU.Build.0 = Debug|Any CPU
		{6AEB434A-3F9B-4FEB-9EAF-0D297296D6B3}.Dev|Any CPU.ActiveCfg = Dev|Any CPU
		{6AEB434A-3F9B-4FEB-9EAF-0D297296D6B3}.Dev|Any CPU.Build.0 = Dev|Any CPU
		{6AEB434A-3F9B-4FEB-9EAF-0D297296D6B3}.Qa|Any CPU.ActiveCfg = Qa|Any CPU
		{6AEB434A-3F9B-4FEB-9EAF-0D297296D6B3}.Qa|Any CPU.Build.0 = Qa|Any CPU
		{6AEB434A-3F9B-4FEB-9EAF-0D297296D6B3}.Release|Any CPU.ActiveCfg = Release|Any CPU
		{6AEB434A-3F9B-4FEB-9EAF-0D297296D6B3}.Release|Any CPU.Build.0 = Release|Any CPU
		{D92AACE4-89CB-4B4E-A98E-E2552F51749D}.Debug|Any CPU.ActiveCfg = Debug|Any CPU
		{D92AACE4-89CB-4B4E-A98E-E2552F51749D}.Debug|Any CPU.Build.0 = Debug|Any CPU
		{D92AACE4-89CB-4B4E-A98E-E2552F51749D}.Dev|Any CPU.ActiveCfg = Dev|Any CPU
		{D92AACE4-89CB-4B4E-A98E-E2552F51749D}.Dev|Any CPU.Build.0 = Dev|Any CPU
		{D92AACE4-89CB-4B4E-A98E-E2552F51749D}.Qa|Any CPU.ActiveCfg = Qa|Any CPU
		{D92AACE4-89CB-4B4E-A98E-E2552F51749D}.Qa|Any CPU.Build.0 = Qa|Any CPU
		{D92AACE4-89CB-4B4E-A98E-E2552F51749D}.Release|Any CPU.ActiveCfg = Release|Any CPU
		{D92AACE4-89CB-4B4E-A98E-E2552F51749D}.Release|Any CPU.Build.0 = Release|Any CPU
		{87C82621-FB08-4C3E-85FF-78DA3E920121}.Debug|Any CPU.ActiveCfg = Debug|Any CPU
		{87C82621-FB08-4C3E-85FF-78DA3E920121}.Debug|Any CPU.Build.0 = Debug|Any CPU
		{87C82621-FB08-4C3E-85FF-78DA3E920121}.Dev|Any CPU.ActiveCfg = Dev|Any CPU
		{87C82621-FB08-4C3E-85FF-78DA3E920121}.Dev|Any CPU.Build.0 = Dev|Any CPU
		{87C82621-FB08-4C3E-85FF-78DA3E920121}.Qa|Any CPU.ActiveCfg = Qa|Any CPU
		{87C82621-FB08-4C3E-85FF-78DA3E920121}.Qa|Any CPU.Build.0 = Qa|Any CPU
		{87C82621-FB08-4C3E-85FF-78DA3E920121}.Release|Any CPU.ActiveCfg = Release|Any CPU
		{87C82621-FB08-4C3E-85FF-78DA3E920121}.Release|Any CPU.Build.0 = Release|Any CPU
		{CD2C761D-A730-4E65-A885-1DAC33C06C85}.Debug|Any CPU.ActiveCfg = Debug|Any CPU
		{CD2C761D-A730-4E65-A885-1DAC33C06C85}.Debug|Any CPU.Build.0 = Debug|Any CPU
		{CD2C761D-A730-4E65-A885-1DAC33C06C85}.Dev|Any CPU.ActiveCfg = Dev|Any CPU
		{CD2C761D-A730-4E65-A885-1DAC33C06C85}.Dev|Any CPU.Build.0 = Dev|Any CPU
		{CD2C761D-A730-4E65-A885-1DAC33C06C85}.Qa|Any CPU.ActiveCfg = Qa|Any CPU
		{CD2C761D-A730-4E65-A885-1DAC33C06C85}.Qa|Any CPU.Build.0 = Qa|Any CPU
		{CD2C761D-A730-4E65-A885-1DAC33C06C85}.Release|Any CPU.ActiveCfg = Release|Any CPU
		{CD2C761D-A730-4E65-A885-1DAC33C06C85}.Release|Any CPU.Build.0 = Release|Any CPU
		{64F77AE4-40EC-4295-9036-80363969B8CD}.Debug|Any CPU.ActiveCfg = Debug|Any CPU
		{64F77AE4-40EC-4295-9036-80363969B8CD}.Debug|Any CPU.Build.0 = Debug|Any CPU
		{64F77AE4-40EC-4295-9036-80363969B8CD}.Dev|Any CPU.ActiveCfg = Dev|Any CPU
		{64F77AE4-40EC-4295-9036-80363969B8CD}.Dev|Any CPU.Build.0 = Dev|Any CPU
		{64F77AE4-40EC-4295-9036-80363969B8CD}.Qa|Any CPU.ActiveCfg = Qa|Any CPU
		{64F77AE4-40EC-4295-9036-80363969B8CD}.Qa|Any CPU.Build.0 = Qa|Any CPU
		{64F77AE4-40EC-4295-9036-80363969B8CD}.Release|Any CPU.ActiveCfg = Release|Any CPU
		{64F77AE4-40EC-4295-9036-80363969B8CD}.Release|Any CPU.Build.0 = Release|Any CPU
		{ABC9960A-141F-4747-AE4B-21268ECF5A00}.Debug|Any CPU.ActiveCfg = Debug|Any CPU
		{ABC9960A-141F-4747-AE4B-21268ECF5A00}.Debug|Any CPU.Build.0 = Debug|Any CPU
		{ABC9960A-141F-4747-AE4B-21268ECF5A00}.Dev|Any CPU.ActiveCfg = Dev|Any CPU
		{ABC9960A-141F-4747-AE4B-21268ECF5A00}.Dev|Any CPU.Build.0 = Dev|Any CPU
		{ABC9960A-141F-4747-AE4B-21268ECF5A00}.Qa|Any CPU.ActiveCfg = Qa|Any CPU
		{ABC9960A-141F-4747-AE4B-21268ECF5A00}.Qa|Any CPU.Build.0 = Qa|Any CPU
		{ABC9960A-141F-4747-AE4B-21268ECF5A00}.Release|Any CPU.ActiveCfg = Release|Any CPU
		{ABC9960A-141F-4747-AE4B-21268ECF5A00}.Release|Any CPU.Build.0 = Release|Any CPU
		{8F74781F-165A-4148-9E31-346618DBFDE6}.Debug|Any CPU.ActiveCfg = Debug|Any CPU
		{8F74781F-165A-4148-9E31-346618DBFDE6}.Debug|Any CPU.Build.0 = Debug|Any CPU
		{8F74781F-165A-4148-9E31-346618DBFDE6}.Dev|Any CPU.ActiveCfg = Dev|Any CPU
		{8F74781F-165A-4148-9E31-346618DBFDE6}.Dev|Any CPU.Build.0 = Dev|Any CPU
		{8F74781F-165A-4148-9E31-346618DBFDE6}.Qa|Any CPU.ActiveCfg = Qa|Any CPU
		{8F74781F-165A-4148-9E31-346618DBFDE6}.Qa|Any CPU.Build.0 = Qa|Any CPU
		{8F74781F-165A-4148-9E31-346618DBFDE6}.Release|Any CPU.ActiveCfg = Release|Any CPU
		{8F74781F-165A-4148-9E31-346618DBFDE6}.Release|Any CPU.Build.0 = Release|Any CPU
		{343C55AB-94FE-4AEA-A4BB-D7F1F7707325}.Debug|Any CPU.ActiveCfg = Debug|Any CPU
		{343C55AB-94FE-4AEA-A4BB-D7F1F7707325}.Debug|Any CPU.Build.0 = Debug|Any CPU
		{343C55AB-94FE-4AEA-A4BB-D7F1F7707325}.Dev|Any CPU.ActiveCfg = Dev|Any CPU
		{343C55AB-94FE-4AEA-A4BB-D7F1F7707325}.Dev|Any CPU.Build.0 = Dev|Any CPU
		{343C55AB-94FE-4AEA-A4BB-D7F1F7707325}.Qa|Any CPU.ActiveCfg = Qa|Any CPU
		{343C55AB-94FE-4AEA-A4BB-D7F1F7707325}.Qa|Any CPU.Build.0 = Qa|Any CPU
		{343C55AB-94FE-4AEA-A4BB-D7F1F7707325}.Release|Any CPU.ActiveCfg = Release|Any CPU
		{343C55AB-94FE-4AEA-A4BB-D7F1F7707325}.Release|Any CPU.Build.0 = Release|Any CPU
		{124C3220-A021-49D6-B405-2AA770825665}.Debug|Any CPU.ActiveCfg = Debug|Any CPU
		{124C3220-A021-49D6-B405-2AA770825665}.Debug|Any CPU.Build.0 = Debug|Any CPU
		{124C3220-A021-49D6-B405-2AA770825665}.Dev|Any CPU.ActiveCfg = Dev|Any CPU
		{124C3220-A021-49D6-B405-2AA770825665}.Dev|Any CPU.Build.0 = Dev|Any CPU
		{124C3220-A021-49D6-B405-2AA770825665}.Qa|Any CPU.ActiveCfg = Qa|Any CPU
		{124C3220-A021-49D6-B405-2AA770825665}.Qa|Any CPU.Build.0 = Qa|Any CPU
		{124C3220-A021-49D6-B405-2AA770825665}.Release|Any CPU.ActiveCfg = Release|Any CPU
		{124C3220-A021-49D6-B405-2AA770825665}.Release|Any CPU.Build.0 = Release|Any CPU
		{92B39CBC-0B5F-4D31-8CB9-A12FD6F12117}.Debug|Any CPU.ActiveCfg = Debug|Any CPU
		{92B39CBC-0B5F-4D31-8CB9-A12FD6F12117}.Debug|Any CPU.Build.0 = Debug|Any CPU
		{92B39CBC-0B5F-4D31-8CB9-A12FD6F12117}.Dev|Any CPU.ActiveCfg = Dev|Any CPU
		{92B39CBC-0B5F-4D31-8CB9-A12FD6F12117}.Dev|Any CPU.Build.0 = Dev|Any CPU
		{92B39CBC-0B5F-4D31-8CB9-A12FD6F12117}.Qa|Any CPU.ActiveCfg = Qa|Any CPU
		{92B39CBC-0B5F-4D31-8CB9-A12FD6F12117}.Qa|Any CPU.Build.0 = Qa|Any CPU
		{92B39CBC-0B5F-4D31-8CB9-A12FD6F12117}.Release|Any CPU.ActiveCfg = Release|Any CPU
		{92B39CBC-0B5F-4D31-8CB9-A12FD6F12117}.Release|Any CPU.Build.0 = Release|Any CPU
	EndGlobalSection
	GlobalSection(SolutionProperties) = preSolution
		HideSolutionNode = FALSE
	EndGlobalSection
	GlobalSection(ExtensibilityGlobals) = postSolution
		SolutionGuid = {F944558E-C823-47EF-93C6-EB84384F93D4}
	EndGlobalSection
EndGlobal
